
Microsoft Visual Studio Solution File, Format Version 12.00
# Visual Studio Version 16
VisualStudioVersion = 16.0.32106.194
MinimumVisualStudioVersion = 10.0.40219.1
Project("{FAE04EC0-301F-11D3-BF4B-00C04F79EFBC}") = "ForteConfigurationLoader", "ForteConfigurationLoader\ForteConfigurationLoader.csproj", "{D6C29FF1-70C9-4FD8-B7E8-0C8E44378DF1}"
EndProject
Project("{FAE04EC0-301F-11D3-BF4B-00C04F79EFBC}") = "Up2date", "Up2date\Up2date.csproj", "{90E81D79-D88F-4F14-ABC7-F732566266A8}"
EndProject
Global
	GlobalSection(SolutionConfigurationPlatforms) = preSolution
		Debug|Any CPU = Debug|Any CPU
		Release|Any CPU = Release|Any CPU
	EndGlobalSection
	GlobalSection(ProjectConfigurationPlatforms) = postSolution
		{D6C29FF1-70C9-4FD8-B7E8-0C8E44378DF1}.Debug|Any CPU.ActiveCfg = Debug|Any CPU
		{D6C29FF1-70C9-4FD8-B7E8-0C8E44378DF1}.Debug|Any CPU.Build.0 = Debug|Any CPU
		{D6C29FF1-70C9-4FD8-B7E8-0C8E44378DF1}.Release|Any CPU.ActiveCfg = Release|Any CPU
		{D6C29FF1-70C9-4FD8-B7E8-0C8E44378DF1}.Release|Any CPU.Build.0 = Release|Any CPU
		{90E81D79-D88F-4F14-ABC7-F732566266A8}.Debug|Any CPU.ActiveCfg = Debug|Any CPU
		{90E81D79-D88F-4F14-ABC7-F732566266A8}.Debug|Any CPU.Build.0 = Debug|Any CPU
		{90E81D79-D88F-4F14-ABC7-F732566266A8}.Release|Any CPU.ActiveCfg = Release|Any CPU
		{90E81D79-D88F-4F14-ABC7-F732566266A8}.Release|Any CPU.Build.0 = Release|Any CPU
	EndGlobalSection
	GlobalSection(SolutionProperties) = preSolution
		HideSolutionNode = FALSE
	EndGlobalSection
	GlobalSection(ExtensibilityGlobals) = postSolution
		SolutionGuid = {53406F72-20A7-4240-B964-CE47EC21FCAE}
	EndGlobalSection
EndGlobal
